
Microsoft Visual Studio Solution File, Format Version 12.00
# Visual Studio Version 16
VisualStudioVersion = 16.0.32228.343
MinimumVisualStudioVersion = 10.0.40219.1
Project("{FAE04EC0-301F-11D3-BF4B-00C04F79EFBC}") = "metaversoSenacc", "metaversoSenacc\metaversoSenacc.csproj", "{DB9DC3AB-217B-455D-92E7-EF394F60092B}"
EndProject
Global
	GlobalSection(SolutionConfigurationPlatforms) = preSolution
		Debug|Any CPU = Debug|Any CPU
		Release|Any CPU = Release|Any CPU
	EndGlobalSection
	GlobalSection(ProjectConfigurationPlatforms) = postSolution
		{DB9DC3AB-217B-455D-92E7-EF394F60092B}.Debug|Any CPU.ActiveCfg = Debug|Any CPU
		{DB9DC3AB-217B-455D-92E7-EF394F60092B}.Debug|Any CPU.Build.0 = Debug|Any CPU
		{DB9DC3AB-217B-455D-92E7-EF394F60092B}.Release|Any CPU.ActiveCfg = Release|Any CPU
		{DB9DC3AB-217B-455D-92E7-EF394F60092B}.Release|Any CPU.Build.0 = Release|Any CPU
	EndGlobalSection
	GlobalSection(SolutionProperties) = preSolution
		HideSolutionNode = FALSE
	EndGlobalSection
	GlobalSection(ExtensibilityGlobals) = postSolution
		SolutionGuid = {24C061FB-7A4C-4EA9-869E-991AC4135545}
	EndGlobalSection
EndGlobal
